
Microsoft Visual Studio Solution File, Format Version 12.00
# Visual Studio Version 16
VisualStudioVersion = 16.0.30523.141
MinimumVisualStudioVersion = 10.0.40219.1
Project("{9A19103F-16F7-4668-BE54-9A1E7A4F7556}") = "Servidor", "GrpcGreeter\Servidor.csproj", "{F1BE15EA-2361-4478-AA82-2574DA55A1B2}"
EndProject
Global
	GlobalSection(SolutionConfigurationPlatforms) = preSolution
		Debug|Any CPU = Debug|Any CPU
		Release|Any CPU = Release|Any CPU
	EndGlobalSection
	GlobalSection(ProjectConfigurationPlatforms) = postSolution
		{F1BE15EA-2361-4478-AA82-2574DA55A1B2}.Debug|Any CPU.ActiveCfg = Debug|Any CPU
		{F1BE15EA-2361-4478-AA82-2574DA55A1B2}.Debug|Any CPU.Build.0 = Debug|Any CPU
		{F1BE15EA-2361-4478-AA82-2574DA55A1B2}.Release|Any CPU.ActiveCfg = Release|Any CPU
		{F1BE15EA-2361-4478-AA82-2574DA55A1B2}.Release|Any CPU.Build.0 = Release|Any CPU
	EndGlobalSection
	GlobalSection(SolutionProperties) = preSolution
		HideSolutionNode = FALSE
	EndGlobalSection
	GlobalSection(ExtensibilityGlobals) = postSolution
		SolutionGuid = {9559C91F-F535-45E2-BEED-74F04EEA1B86}
	EndGlobalSection
EndGlobal
